
Microsoft Visual Studio Solution File, Format Version 12.00
# Visual Studio Version 16
VisualStudioVersion = 16.0.31205.134
MinimumVisualStudioVersion = 10.0.40219.1
Project("{FAE04EC0-301F-11D3-BF4B-00C04F79EFBC}") = "OpenMeteoApp.UWP", "OpenMeteoApp\OpenMeteoApp.UWP\OpenMeteoApp.UWP.csproj", "{109FA6C6-DF90-4B7E-B39E-C6F1EE971A36}"
EndProject
Project("{FAE04EC0-301F-11D3-BF4B-00C04F79EFBC}") = "OpenMeteoApp.Android", "OpenMeteoApp\OpenMeteoApp.Android\OpenMeteoApp.Android.csproj", "{B7627C78-1B50-42A2-8E21-5EC7BCF2040D}"
EndProject
Project("{FAE04EC0-301F-11D3-BF4B-00C04F79EFBC}") = "OpenMeteoApp.iOS", "OpenMeteoApp\OpenMeteoApp.iOS\OpenMeteoApp.iOS.csproj", "{F6D3C354-162E-413E-81AE-6CDF37558B35}"
EndProject
Project("{FAE04EC0-301F-11D3-BF4B-00C04F79EFBC}") = "OpenMeteoApp", "OpenMeteoApp\OpenMeteoApp\OpenMeteoApp.csproj", "{12A431C5-19E3-44BF-BC65-AE37FBA59B5B}"
EndProject
Global
	GlobalSection(SolutionConfigurationPlatforms) = preSolution
		Debug|Any CPU = Debug|Any CPU
		Debug|ARM = Debug|ARM
		Debug|iPhone = Debug|iPhone
		Debug|iPhoneSimulator = Debug|iPhoneSimulator
		Debug|x64 = Debug|x64
		Debug|x86 = Debug|x86
		Release|Any CPU = Release|Any CPU
		Release|ARM = Release|ARM
		Release|iPhone = Release|iPhone
		Release|iPhoneSimulator = Release|iPhoneSimulator
		Release|x64 = Release|x64
		Release|x86 = Release|x86
	EndGlobalSection
	GlobalSection(ProjectConfigurationPlatforms) = postSolution
		{109FA6C6-DF90-4B7E-B39E-C6F1EE971A36}.Debug|Any CPU.ActiveCfg = Debug|x86
		{109FA6C6-DF90-4B7E-B39E-C6F1EE971A36}.Debug|Any CPU.Build.0 = Debug|x86
		{109FA6C6-DF90-4B7E-B39E-C6F1EE971A36}.Debug|Any CPU.Deploy.0 = Debug|x86
		{109FA6C6-DF90-4B7E-B39E-C6F1EE971A36}.Debug|ARM.ActiveCfg = Debug|ARM
		{109FA6C6-DF90-4B7E-B39E-C6F1EE971A36}.Debug|ARM.Build.0 = Debug|ARM
		{109FA6C6-DF90-4B7E-B39E-C6F1EE971A36}.Debug|ARM.Deploy.0 = Debug|ARM
		{109FA6C6-DF90-4B7E-B39E-C6F1EE971A36}.Debug|iPhone.ActiveCfg = Debug|x86
		{109FA6C6-DF90-4B7E-B39E-C6F1EE971A36}.Debug|iPhone.Build.0 = Debug|x86
		{109FA6C6-DF90-4B7E-B39E-C6F1EE971A36}.Debug|iPhone.Deploy.0 = Debug|x86
		{109FA6C6-DF90-4B7E-B39E-C6F1EE971A36}.Debug|iPhoneSimulator.ActiveCfg = Debug|x86
		{109FA6C6-DF90-4B7E-B39E-C6F1EE971A36}.Debug|iPhoneSimulator.Build.0 = Debug|x86
		{109FA6C6-DF90-4B7E-B39E-C6F1EE971A36}.Debug|iPhoneSimulator.Deploy.0 = Debug|x86
		{109FA6C6-DF90-4B7E-B39E-C6F1EE971A36}.Debug|x64.ActiveCfg = Debug|x64
		{109FA6C6-DF90-4B7E-B39E-C6F1EE971A36}.Debug|x64.Build.0 = Debug|x64
		{109FA6C6-DF90-4B7E-B39E-C6F1EE971A36}.Debug|x64.Deploy.0 = Debug|x64
		{109FA6C6-DF90-4B7E-B39E-C6F1EE971A36}.Debug|x86.ActiveCfg = Debug|x86
		{109FA6C6-DF90-4B7E-B39E-C6F1EE971A36}.Debug|x86.Build.0 = Debug|x86
		{109FA6C6-DF90-4B7E-B39E-C6F1EE971A36}.Debug|x86.Deploy.0 = Debug|x86
		{109FA6C6-DF90-4B7E-B39E-C6F1EE971A36}.Release|Any CPU.ActiveCfg = Release|x86
		{109FA6C6-DF90-4B7E-B39E-C6F1EE971A36}.Release|Any CPU.Build.0 = Release|x86
		{109FA6C6-DF90-4B7E-B39E-C6F1EE971A36}.Release|Any CPU.Deploy.0 = Release|x86
		{109FA6C6-DF90-4B7E-B39E-C6F1EE971A36}.Release|ARM.ActiveCfg = Release|ARM
		{109FA6C6-DF90-4B7E-B39E-C6F1EE971A36}.Release|ARM.Build.0 = Release|ARM
		{109FA6C6-DF90-4B7E-B39E-C6F1EE971A36}.Release|ARM.Deploy.0 = Release|ARM
		{109FA6C6-DF90-4B7E-B39E-C6F1EE971A36}.Release|iPhone.ActiveCfg = Release|x86
		{109FA6C6-DF90-4B7E-B39E-C6F1EE971A36}.Release|iPhone.Build.0 = Release|x86
		{109FA6C6-DF90-4B7E-B39E-C6F1EE971A36}.Release|iPhone.Deploy.0 = Release|x86
		{109FA6C6-DF90-4B7E-B39E-C6F1EE971A36}.Release|iPhoneSimulator.ActiveCfg = Release|x86
		{109FA6C6-DF90-4B7E-B39E-C6F1EE971A36}.Release|iPhoneSimulator.Build.0 = Release|x86
		{109FA6C6-DF90-4B7E-B39E-C6F1EE971A36}.Release|iPhoneSimulator.Deploy.0 = Release|x86
		{109FA6C6-DF90-4B7E-B39E-C6F1EE971A36}.Release|x64.ActiveCfg = Release|x64
		{109FA6C6-DF90-4B7E-B39E-C6F1EE971A36}.Release|x64.Build.0 = Release|x64
		{109FA6C6-DF90-4B7E-B39E-C6F1EE971A36}.Release|x64.Deploy.0 = Release|x64
		{109FA6C6-DF90-4B7E-B39E-C6F1EE971A36}.Release|x86.ActiveCfg = Release|x86
		{109FA6C6-DF90-4B7E-B39E-C6F1EE971A36}.Release|x86.Build.0 = Release|x86
		{109FA6C6-DF90-4B7E-B39E-C6F1EE971A36}.Release|x86.Deploy.0 = Release|x86
		{B7627C78-1B50-42A2-8E21-5EC7BCF2040D}.Debug|Any CPU.ActiveCfg = Debug|Any CPU
		{B7627C78-1B50-42A2-8E21-5EC7BCF2040D}.Debug|Any CPU.Build.0 = Debug|Any CPU
		{B7627C78-1B50-42A2-8E21-5EC7BCF2040D}.Debug|Any CPU.Deploy.0 = Debug|Any CPU
		{B7627C78-1B50-42A2-8E21-5EC7BCF2040D}.Debug|ARM.ActiveCfg = Debug|Any CPU
		{B7627C78-1B50-42A2-8E21-5EC7BCF2040D}.Debug|ARM.Build.0 = Debug|Any CPU
		{B7627C78-1B50-42A2-8E21-5EC7BCF2040D}.Debug|ARM.Deploy.0 = Debug|Any CPU
		{B7627C78-1B50-42A2-8E21-5EC7BCF2040D}.Debug|iPhone.ActiveCfg = Debug|Any CPU
		{B7627C78-1B50-42A2-8E21-5EC7BCF2040D}.Debug|iPhone.Build.0 = Debug|Any CPU
		{B7627C78-1B50-42A2-8E21-5EC7BCF2040D}.Debug|iPhone.Deploy.0 = Debug|Any CPU
		{B7627C78-1B50-42A2-8E21-5EC7BCF2040D}.Debug|iPhoneSimulator.ActiveCfg = Debug|Any CPU
		{B7627C78-1B50-42A2-8E21-5EC7BCF2040D}.Debug|iPhoneSimulator.Build.0 = Debug|Any CPU
		{B7627C78-1B50-42A2-8E21-5EC7BCF2040D}.Debug|iPhoneSimulator.Deploy.0 = Debug|Any CPU
		{B7627C78-1B50-42A2-8E21-5EC7BCF2040D}.Debug|x64.ActiveCfg = Debug|Any CPU
		{B7627C78-1B50-42A2-8E21-5EC7BCF2040D}.Debug|x64.Build.0 = Debug|Any CPU
		{B7627C78-1B50-42A2-8E21-5EC7BCF2040D}.Debug|x64.Deploy.0 = Debug|Any CPU
		{B7627C78-1B50-42A2-8E21-5EC7BCF2040D}.Debug|x86.ActiveCfg = Debug|Any CPU
		{B7627C78-1B50-42A2-8E21-5EC7BCF2040D}.Debug|x86.Build.0 = Debug|Any CPU
		{B7627C78-1B50-42A2-8E21-5EC7BCF2040D}.Debug|x86.Deploy.0 = Debug|Any CPU
		{B7627C78-1B50-42A2-8E21-5EC7BCF2040D}.Release|Any CPU.ActiveCfg = Release|Any CPU
		{B7627C78-1B50-42A2-8E21-5EC7BCF2040D}.Release|Any CPU.Build.0 = Release|Any CPU
		{B7627C78-1B50-42A2-8E21-5EC7BCF2040D}.Release|Any CPU.Deploy.0 = Release|Any CPU
		{B7627C78-1B50-42A2-8E21-5EC7BCF2040D}.Release|ARM.ActiveCfg = Release|Any CPU
		{B7627C78-1B50-42A2-8E21-5EC7BCF2040D}.Release|ARM.Build.0 = Release|Any CPU
		{B7627C78-1B50-42A2-8E21-5EC7BCF2040D}.Release|ARM.Deploy.0 = Release|Any CPU
		{B7627C78-1B50-42A2-8E21-5EC7BCF2040D}.Release|iPhone.ActiveCfg = Release|Any CPU
		{B7627C78-1B50-42A2-8E21-5EC7BCF2040D}.Release|iPhone.Build.0 = Release|Any CPU
		{B7627C78-1B50-42A2-8E21-5EC7BCF2040D}.Release|iPhone.Deploy.0 = Release|Any CPU
		{B7627C78-1B50-42A2-8E21-5EC7BCF2040D}.Release|iPhoneSimulator.ActiveCfg = Release|Any CPU
		{B7627C78-1B50-42A2-8E21-5EC7BCF2040D}.Release|iPhoneSimulator.Build.0 = Release|Any CPU
		{B7627C78-1B50-42A2-8E21-5EC7BCF2040D}.Release|iPhoneSimulator.Deploy.0 = Release|Any CPU
		{B7627C78-1B50-42A2-8E21-5EC7BCF2040D}.Release|x64.ActiveCfg = Release|Any CPU
		{B7627C78-1B50-42A2-8E21-5EC7BCF2040D}.Release|x64.Build.0 = Release|Any CPU
		{B7627C78-1B50-42A2-8E21-5EC7BCF2040D}.Release|x64.Deploy.0 = Release|Any CPU
		{B7627C78-1B50-42A2-8E21-5EC7BCF2040D}.Release|x86.ActiveCfg = Release|Any CPU
		{B7627C78-1B50-42A2-8E21-5EC7BCF2040D}.Release|x86.Build.0 = Release|Any CPU
		{B7627C78-1B50-42A2-8E21-5EC7BCF2040D}.Release|x86.Deploy.0 = Release|Any CPU
		{F6D3C354-162E-413E-81AE-6CDF37558B35}.Debug|Any CPU.ActiveCfg = Debug|iPhoneSimulator
		{F6D3C354-162E-413E-81AE-6CDF37558B35}.Debug|Any CPU.Build.0 = Debug|iPhoneSimulator
		{F6D3C354-162E-413E-81AE-6CDF37558B35}.Debug|Any CPU.Deploy.0 = Debug|iPhoneSimulator
		{F6D3C354-162E-413E-81AE-6CDF37558B35}.Debug|ARM.ActiveCfg = Debug|iPhone
		{F6D3C354-162E-413E-81AE-6CDF37558B35}.Debug|ARM.Build.0 = Debug|iPhone
		{F6D3C354-162E-413E-81AE-6CDF37558B35}.Debug|ARM.Deploy.0 = Debug|iPhone
		{F6D3C354-162E-413E-81AE-6CDF37558B35}.Debug|iPhone.ActiveCfg = Debug|iPhone
		{F6D3C354-162E-413E-81AE-6CDF37558B35}.Debug|iPhone.Build.0 = Debug|iPhone
		{F6D3C354-162E-413E-81AE-6CDF37558B35}.Debug|iPhone.Deploy.0 = Debug|iPhone
		{F6D3C354-162E-413E-81AE-6CDF37558B35}.Debug|iPhoneSimulator.ActiveCfg = Debug|iPhoneSimulator
		{F6D3C354-162E-413E-81AE-6CDF37558B35}.Debug|iPhoneSimulator.Build.0 = Debug|iPhoneSimulator
		{F6D3C354-162E-413E-81AE-6CDF37558B35}.Debug|iPhoneSimulator.Deploy.0 = Debug|iPhoneSimulator
		{F6D3C354-162E-413E-81AE-6CDF37558B35}.Debug|x64.ActiveCfg = Debug|iPhoneSimulator
		{F6D3C354-162E-413E-81AE-6CDF37558B35}.Debug|x64.Build.0 = Debug|iPhoneSimulator
		{F6D3C354-162E-413E-81AE-6CDF37558B35}.Debug|x64.Deploy.0 = Debug|iPhoneSimulator
		{F6D3C354-162E-413E-81AE-6CDF37558B35}.Debug|x86.ActiveCfg = Debug|iPhoneSimulator
		{F6D3C354-162E-413E-81AE-6CDF37558B35}.Debug|x86.Build.0 = Debug|iPhoneSimulator
		{F6D3C354-162E-413E-81AE-6CDF37558B35}.Debug|x86.Deploy.0 = Debug|iPhoneSimulator
		{F6D3C354-162E-413E-81AE-6CDF37558B35}.Release|Any CPU.ActiveCfg = Release|iPhoneSimulator
		{F6D3C354-162E-413E-81AE-6CDF37558B35}.Release|Any CPU.Build.0 = Release|iPhoneSimulator
		{F6D3C354-162E-413E-81AE-6CDF37558B35}.Release|Any CPU.Deploy.0 = Release|iPhoneSimulator
		{F6D3C354-162E-413E-81AE-6CDF37558B35}.Release|ARM.ActiveCfg = Release|iPhoneSimulator
		{F6D3C354-162E-413E-81AE-6CDF37558B35}.Release|ARM.Build.0 = Release|iPhoneSimulator
		{F6D3C354-162E-413E-81AE-6CDF37558B35}.Release|ARM.Deploy.0 = Release|iPhoneSimulator
		{F6D3C354-162E-413E-81AE-6CDF37558B35}.Release|iPhone.ActiveCfg = Release|iPhone
		{F6D3C354-162E-413E-81AE-6CDF37558B35}.Release|iPhone.Build.0 = Release|iPhone
		{F6D3C354-162E-413E-81AE-6CDF37558B35}.Release|iPhone.Deploy.0 = Release|iPhone
		{F6D3C354-162E-413E-81AE-6CDF37558B35}.Release|iPhoneSimulator.ActiveCfg = Release|iPhoneSimulator
		{F6D3C354-162E-413E-81AE-6CDF37558B35}.Release|iPhoneSimulator.Build.0 = Release|iPhoneSimulator
		{F6D3C354-162E-413E-81AE-6CDF37558B35}.Release|iPhoneSimulator.Deploy.0 = Release|iPhoneSimulator
		{F6D3C354-162E-413E-81AE-6CDF37558B35}.Release|x64.ActiveCfg = Release|iPhoneSimulator
		{F6D3C354-162E-413E-81AE-6CDF37558B35}.Release|x64.Build.0 = Release|iPhoneSimulator
		{F6D3C354-162E-413E-81AE-6CDF37558B35}.Release|x64.Deploy.0 = Release|iPhoneSimulator
		{F6D3C354-162E-413E-81AE-6CDF37558B35}.Release|x86.ActiveCfg = Release|iPhoneSimulator
		{F6D3C354-162E-413E-81AE-6CDF37558B35}.Release|x86.Build.0 = Release|iPhoneSimulator
		{F6D3C354-162E-413E-81AE-6CDF37558B35}.Release|x86.Deploy.0 = Release|iPhoneSimulator
		{12A431C5-19E3-44BF-BC65-AE37FBA59B5B}.Debug|Any CPU.ActiveCfg = Debug|Any CPU
		{12A431C5-19E3-44BF-BC65-AE37FBA59B5B}.Debug|Any CPU.Build.0 = Debug|Any CPU
		{12A431C5-19E3-44BF-BC65-AE37FBA59B5B}.Debug|Any CPU.Deploy.0 = Debug|Any CPU
		{12A431C5-19E3-44BF-BC65-AE37FBA59B5B}.Debug|ARM.ActiveCfg = Debug|Any CPU
		{12A431C5-19E3-44BF-BC65-AE37FBA59B5B}.Debug|ARM.Build.0 = Debug|Any CPU
		{12A431C5-19E3-44BF-BC65-AE37FBA59B5B}.Debug|ARM.Deploy.0 = Debug|Any CPU
		{12A431C5-19E3-44BF-BC65-AE37FBA59B5B}.Debug|iPhone.ActiveCfg = Debug|Any CPU
		{12A431C5-19E3-44BF-BC65-AE37FBA59B5B}.Debug|iPhone.Build.0 = Debug|Any CPU
		{12A431C5-19E3-44BF-BC65-AE37FBA59B5B}.Debug|iPhone.Deploy.0 = Debug|Any CPU
		{12A431C5-19E3-44BF-BC65-AE37FBA59B5B}.Debug|iPhoneSimulator.ActiveCfg = Debug|Any CPU
		{12A431C5-19E3-44BF-BC65-AE37FBA59B5B}.Debug|iPhoneSimulator.Build.0 = Debug|Any CPU
		{12A431C5-19E3-44BF-BC65-AE37FBA59B5B}.Debug|iPhoneSimulator.Deploy.0 = Debug|Any CPU
		{12A431C5-19E3-44BF-BC65-AE37FBA59B5B}.Debug|x64.ActiveCfg = Debug|Any CPU
		{12A431C5-19E3-44BF-BC65-AE37FBA59B5B}.Debug|x64.Build.0 = Debug|Any CPU
		{12A431C5-19E3-44BF-BC65-AE37FBA59B5B}.Debug|x64.Deploy.0 = Debug|Any CPU
		{12A431C5-19E3-44BF-BC65-AE37FBA59B5B}.Debug|x86.ActiveCfg = Debug|Any CPU
		{12A431C5-19E3-44BF-BC65-AE37FBA59B5B}.Debug|x86.Build.0 = Debug|Any CPU
		{12A431C5-19E3-44BF-BC65-AE37FBA59B5B}.Debug|x86.Deploy.0 = Debug|Any CPU
		{12A431C5-19E3-44BF-BC65-AE37FBA59B5B}.Release|Any CPU.ActiveCfg = Release|Any CPU
		{12A431C5-19E3-44BF-BC65-AE37FBA59B5B}.Release|Any CPU.Build.0 = Release|Any CPU
		{12A431C5-19E3-44BF-BC65-AE37FBA59B5B}.Release|Any CPU.Deploy.0 = Release|Any CPU
		{12A431C5-19E3-44BF-BC65-AE37FBA59B5B}.Release|ARM.ActiveCfg = Release|Any CPU
		{12A431C5-19E3-44BF-BC65-AE37FBA59B5B}.Release|ARM.Build.0 = Release|Any CPU
		{12A431C5-19E3-44BF-BC65-AE37FBA59B5B}.Release|ARM.Deploy.0 = Release|Any CPU
		{12A431C5-19E3-44BF-BC65-AE37FBA59B5B}.Release|iPhone.ActiveCfg = Release|Any CPU
		{12A431C5-19E3-44BF-BC65-AE37FBA59B5B}.Release|iPhone.Build.0 = Release|Any CPU
		{12A431C5-19E3-44BF-BC65-AE37FBA59B5B}.Release|iPhone.Deploy.0 = Release|Any CPU
		{12A431C5-19E3-44BF-BC65-AE37FBA59B5B}.Release|iPhoneSimulator.ActiveCfg = Release|Any CPU
		{12A431C5-19E3-44BF-BC65-AE37FBA59B5B}.Release|iPhoneSimulator.Build.0 = Release|Any CPU
		{12A431C5-19E3-44BF-BC65-AE37FBA59B5B}.Release|iPhoneSimulator.Deploy.0 = Release|Any CPU
		{12A431C5-19E3-44BF-BC65-AE37FBA59B5B}.Release|x64.ActiveCfg = Release|Any CPU
		{12A431C5-19E3-44BF-BC65-AE37FBA59B5B}.Release|x64.Build.0 = Release|Any CPU
		{12A431C5-19E3-44BF-BC65-AE37FBA59B5B}.Release|x64.Deploy.0 = Release|Any CPU
		{12A431C5-19E3-44BF-BC65-AE37FBA59B5B}.Release|x86.ActiveCfg = Release|Any CPU
		{12A431C5-19E3-44BF-BC65-AE37FBA59B5B}.Release|x86.Build.0 = Release|Any CPU
		{12A431C5-19E3-44BF-BC65-AE37FBA59B5B}.Release|x86.Deploy.0 = Release|Any CPU
	EndGlobalSection
	GlobalSection(SolutionProperties) = preSolution
		HideSolutionNode = FALSE
	EndGlobalSection
	GlobalSection(ExtensibilityGlobals) = postSolution
		SolutionGuid = {F536A75E-8CD7-43AA-BBA4-DBE1D64366C2}
	EndGlobalSection
EndGlobal
